// !$*UTF8*$!
{
	archiveVersion = 1;
	classes = {
	};
	objectVersion = 48;
	objects = {

/* Begin PBXBuildFile section */
		1BF213B63A75EADDCF83A6F2 /* Pods_RealmDemo.framework in Frameworks */ = {isa = PBXBuildFile; fileRef = 15F5A1188118DAF188522960 /* Pods_RealmDemo.framework */; };
		342739421FD987E300FB1AE0 /* Migration.swift in Sources */ = {isa = PBXBuildFile; fileRef = 342739411FD987E300FB1AE0 /* Migration.swift */; };
		34A2460C1FD23CDE00273354 /* AppDelegate.swift in Sources */ = {isa = PBXBuildFile; fileRef = 34A2460B1FD23CDE00273354 /* AppDelegate.swift */; };
		34A246111FD23CDE00273354 /* Main.storyboard in Resources */ = {isa = PBXBuildFile; fileRef = 34A2460F1FD23CDE00273354 /* Main.storyboard */; };
		34A246131FD23CDE00273354 /* Assets.xcassets in Resources */ = {isa = PBXBuildFile; fileRef = 34A246121FD23CDE00273354 /* Assets.xcassets */; };
		34A246161FD23CDE00273354 /* LaunchScreen.storyboard in Resources */ = {isa = PBXBuildFile; fileRef = 34A246141FD23CDE00273354 /* LaunchScreen.storyboard */; };
		34A246211FD23CDE00273354 /* RealmDemoTests.swift in Sources */ = {isa = PBXBuildFile; fileRef = 34A246201FD23CDE00273354 /* RealmDemoTests.swift */; };
		34A246301FD2FB8F00273354 /* ConfigurableCell.swift in Sources */ = {isa = PBXBuildFile; fileRef = 34A2462F1FD2FB8F00273354 /* ConfigurableCell.swift */; };
		34A246321FD2FC6200273354 /* ItemTableViewCell.swift in Sources */ = {isa = PBXBuildFile; fileRef = 34A246311FD2FC6200273354 /* ItemTableViewCell.swift */; };
		34A246341FD2FC7700273354 /* Item.swift in Sources */ = {isa = PBXBuildFile; fileRef = 34A246331FD2FC7700273354 /* Item.swift */; };
		34A246381FD301B000273354 /* ItemListViewController.swift in Sources */ = {isa = PBXBuildFile; fileRef = 34A246371FD301B000273354 /* ItemListViewController.swift */; };
		34A2463B1FD3786500273354 /* RealmWrite.swift in Sources */ = {isa = PBXBuildFile; fileRef = 34A2463A1FD3786500273354 /* RealmWrite.swift */; };
		34A2463D1FD378CE00273354 /* RealmRemove.swift in Sources */ = {isa = PBXBuildFile; fileRef = 34A2463C1FD378CE00273354 /* RealmRemove.swift */; };
		34A2463F1FD379BC00273354 /* RealmQuery.swift in Sources */ = {isa = PBXBuildFile; fileRef = 34A2463E1FD379BC00273354 /* RealmQuery.swift */; };
		34A246411FD37C6100273354 /* ItemDetailViewController.swift in Sources */ = {isa = PBXBuildFile; fileRef = 34A246401FD37C6100273354 /* ItemDetailViewController.swift */; };
		34A246431FD3946800273354 /* RealmProvider.swift in Sources */ = {isa = PBXBuildFile; fileRef = 34A246421FD3946800273354 /* RealmProvider.swift */; };
		D0E25C8A5DA209AF443763A3 /* Pods_RealmDemoTests.framework in Frameworks */ = {isa = PBXBuildFile; fileRef = A8C0AFADF8CB75BF506D2432 /* Pods_RealmDemoTests.framework */; };
/* End PBXBuildFile section */

/* Begin PBXContainerItemProxy section */
		34A2461D1FD23CDE00273354 /* PBXContainerItemProxy */ = {
			isa = PBXContainerItemProxy;
			containerPortal = 34A246001FD23CDE00273354 /* Project object */;
			proxyType = 1;
			remoteGlobalIDString = 34A246071FD23CDE00273354;
			remoteInfo = RealmDemo;
		};
/* End PBXContainerItemProxy section */

/* Begin PBXFileReference section */
		15F5A1188118DAF188522960 /* Pods_RealmDemo.framework */ = {isa = PBXFileReference; explicitFileType = wrapper.framework; includeInIndex = 0; path = Pods_RealmDemo.framework; sourceTree = BUILT_PRODUCTS_DIR; };
		2FB8A17F44E4E0260E4B0AD7 /* Pods-RealmDemo.release.xcconfig */ = {isa = PBXFileReference; includeInIndex = 1; lastKnownFileType = text.xcconfig; name = "Pods-RealmDemo.release.xcconfig"; path = "Pods/Target Support Files/Pods-RealmDemo/Pods-RealmDemo.release.xcconfig"; sourceTree = "<group>"; };
		342739411FD987E300FB1AE0 /* Migration.swift */ = {isa = PBXFileReference; lastKnownFileType = sourcecode.swift; path = Migration.swift; sourceTree = "<group>"; };
		34A246081FD23CDE00273354 /* RealmDemo.app */ = {isa = PBXFileReference; explicitFileType = wrapper.application; includeInIndex = 0; path = RealmDemo.app; sourceTree = BUILT_PRODUCTS_DIR; };
		34A2460B1FD23CDE00273354 /* AppDelegate.swift */ = {isa = PBXFileReference; lastKnownFileType = sourcecode.swift; path = AppDelegate.swift; sourceTree = "<group>"; };
		34A246101FD23CDE00273354 /* Base */ = {isa = PBXFileReference; lastKnownFileType = file.storyboard; name = Base; path = Base.lproj/Main.storyboard; sourceTree = "<group>"; };
		34A246121FD23CDE00273354 /* Assets.xcassets */ = {isa = PBXFileReference; lastKnownFileType = folder.assetcatalog; path = Assets.xcassets; sourceTree = "<group>"; };
		34A246151FD23CDE00273354 /* Base */ = {isa = PBXFileReference; lastKnownFileType = file.storyboard; name = Base; path = Base.lproj/LaunchScreen.storyboard; sourceTree = "<group>"; };
		34A246171FD23CDE00273354 /* Info.plist */ = {isa = PBXFileReference; lastKnownFileType = text.plist.xml; path = Info.plist; sourceTree = "<group>"; };
		34A2461C1FD23CDE00273354 /* RealmDemoTests.xctest */ = {isa = PBXFileReference; explicitFileType = wrapper.cfbundle; includeInIndex = 0; path = RealmDemoTests.xctest; sourceTree = BUILT_PRODUCTS_DIR; };
		34A246201FD23CDE00273354 /* RealmDemoTests.swift */ = {isa = PBXFileReference; lastKnownFileType = sourcecode.swift; path = RealmDemoTests.swift; sourceTree = "<group>"; };
		34A246221FD23CDE00273354 /* Info.plist */ = {isa = PBXFileReference; lastKnownFileType = text.plist.xml; path = Info.plist; sourceTree = "<group>"; };
		34A2462F1FD2FB8F00273354 /* ConfigurableCell.swift */ = {isa = PBXFileReference; lastKnownFileType = sourcecode.swift; path = ConfigurableCell.swift; sourceTree = "<group>"; };
		34A246311FD2FC6200273354 /* ItemTableViewCell.swift */ = {isa = PBXFileReference; lastKnownFileType = sourcecode.swift; path = ItemTableViewCell.swift; sourceTree = "<group>"; };
		34A246331FD2FC7700273354 /* Item.swift */ = {isa = PBXFileReference; lastKnownFileType = sourcecode.swift; path = Item.swift; sourceTree = "<group>"; };
		34A246371FD301B000273354 /* ItemListViewController.swift */ = {isa = PBXFileReference; lastKnownFileType = sourcecode.swift; path = ItemListViewController.swift; sourceTree = "<group>"; };
		34A2463A1FD3786500273354 /* RealmWrite.swift */ = {isa = PBXFileReference; lastKnownFileType = sourcecode.swift; path = RealmWrite.swift; sourceTree = "<group>"; };
		34A2463C1FD378CE00273354 /* RealmRemove.swift */ = {isa = PBXFileReference; lastKnownFileType = sourcecode.swift; path = RealmRemove.swift; sourceTree = "<group>"; };
		34A2463E1FD379BC00273354 /* RealmQuery.swift */ = {isa = PBXFileReference; lastKnownFileType = sourcecode.swift; path = RealmQuery.swift; sourceTree = "<group>"; };
		34A246401FD37C6100273354 /* ItemDetailViewController.swift */ = {isa = PBXFileReference; lastKnownFileType = sourcecode.swift; path = ItemDetailViewController.swift; sourceTree = "<group>"; };
		34A246421FD3946800273354 /* RealmProvider.swift */ = {isa = PBXFileReference; lastKnownFileType = sourcecode.swift; path = RealmProvider.swift; sourceTree = "<group>"; };
		4DA43697B9B268FA3976C6AE /* Pods-RealmDemoTests.release.xcconfig */ = {isa = PBXFileReference; includeInIndex = 1; lastKnownFileType = text.xcconfig; name = "Pods-RealmDemoTests.release.xcconfig"; path = "Pods/Target Support Files/Pods-RealmDemoTests/Pods-RealmDemoTests.release.xcconfig"; sourceTree = "<group>"; };
		A8C0AFADF8CB75BF506D2432 /* Pods_RealmDemoTests.framework */ = {isa = PBXFileReference; explicitFileType = wrapper.framework; includeInIndex = 0; path = Pods_RealmDemoTests.framework; sourceTree = BUILT_PRODUCTS_DIR; };
		B52A2C8E4C5ACD8E98EF83A1 /* Pods-RealmDemo.debug.xcconfig */ = {isa = PBXFileReference; includeInIndex = 1; lastKnownFileType = text.xcconfig; name = "Pods-RealmDemo.debug.xcconfig"; path = "Pods/Target Support Files/Pods-RealmDemo/Pods-RealmDemo.debug.xcconfig"; sourceTree = "<group>"; };
		C6937929F4688A42D865DC1B /* Pods-RealmDemoTests.debug.xcconfig */ = {isa = PBXFileReference; includeInIndex = 1; lastKnownFileType = text.xcconfig; name = "Pods-RealmDemoTests.debug.xcconfig"; path = "Pods/Target Support Files/Pods-RealmDemoTests/Pods-RealmDemoTests.debug.xcconfig"; sourceTree = "<group>"; };
/* End PBXFileReference section */

/* Begin PBXFrameworksBuildPhase section */
		34A246051FD23CDE00273354 /* Frameworks */ = {
			isa = PBXFrameworksBuildPhase;
			buildActionMask = 2147483647;
			files = (
				1BF213B63A75EADDCF83A6F2 /* Pods_RealmDemo.framework in Frameworks */,
			);
			runOnlyForDeploymentPostprocessing = 0;
		};
		34A246191FD23CDE00273354 /* Frameworks */ = {
			isa = PBXFrameworksBuildPhase;
			buildActionMask = 2147483647;
			files = (
				D0E25C8A5DA209AF443763A3 /* Pods_RealmDemoTests.framework in Frameworks */,
			);
			runOnlyForDeploymentPostprocessing = 0;
		};
/* End PBXFrameworksBuildPhase section */

/* Begin PBXGroup section */
		34A245FF1FD23CDE00273354 = {
			isa = PBXGroup;
			children = (
				34A2460A1FD23CDE00273354 /* RealmDemo */,
				34A2461F1FD23CDE00273354 /* RealmDemoTests */,
				34A246091FD23CDE00273354 /* Products */,
				5AFE2433DC4EBF0DBF3482C1 /* Pods */,
				B179D93B772235DB90F5F97D /* Frameworks */,
			);
			sourceTree = "<group>";
		};
		34A246091FD23CDE00273354 /* Products */ = {
			isa = PBXGroup;
			children = (
				34A246081FD23CDE00273354 /* RealmDemo.app */,
				34A2461C1FD23CDE00273354 /* RealmDemoTests.xctest */,
			);
			name = Products;
			sourceTree = "<group>";
		};
		34A2460A1FD23CDE00273354 /* RealmDemo */ = {
			isa = PBXGroup;
			children = (
				34A2462D1FD23D5200273354 /* Model */,
				34A2462E1FD2FAE000273354 /* View */,
				34A2462C1FD23D4D00273354 /* Controller */,
				34A2460B1FD23CDE00273354 /* AppDelegate.swift */,
				34A2460F1FD23CDE00273354 /* Main.storyboard */,
				34A2462B1FD23D4600273354 /* SupportingFiles */,
			);
			path = RealmDemo;
			sourceTree = "<group>";
		};
		34A2461F1FD23CDE00273354 /* RealmDemoTests */ = {
			isa = PBXGroup;
			children = (
				34A246201FD23CDE00273354 /* RealmDemoTests.swift */,
				34A246221FD23CDE00273354 /* Info.plist */,
			);
			path = RealmDemoTests;
			sourceTree = "<group>";
		};
		34A2462B1FD23D4600273354 /* SupportingFiles */ = {
			isa = PBXGroup;
			children = (
				34A246121FD23CDE00273354 /* Assets.xcassets */,
				34A246141FD23CDE00273354 /* LaunchScreen.storyboard */,
				34A246171FD23CDE00273354 /* Info.plist */,
			);
			path = SupportingFiles;
			sourceTree = "<group>";
		};
		34A2462C1FD23D4D00273354 /* Controller */ = {
			isa = PBXGroup;
			children = (
				34A246371FD301B000273354 /* ItemListViewController.swift */,
				34A246401FD37C6100273354 /* ItemDetailViewController.swift */,
			);
			path = Controller;
			sourceTree = "<group>";
		};
		34A2462D1FD23D5200273354 /* Model */ = {
			isa = PBXGroup;
			children = (
				34A246391FD3784C00273354 /* Data Service */,
				34A246331FD2FC7700273354 /* Item.swift */,
				342739411FD987E300FB1AE0 /* Migration.swift */,
			);
			path = Model;
			sourceTree = "<group>";
		};
		34A2462E1FD2FAE000273354 /* View */ = {
			isa = PBXGroup;
			children = (
				34A2462F1FD2FB8F00273354 /* ConfigurableCell.swift */,
				34A246311FD2FC6200273354 /* ItemTableViewCell.swift */,
			);
			path = View;
			sourceTree = "<group>";
		};
		34A246391FD3784C00273354 /* Data Service */ = {
			isa = PBXGroup;
			children = (
				34A246421FD3946800273354 /* RealmProvider.swift */,
				34A2463A1FD3786500273354 /* RealmWrite.swift */,
				34A2463C1FD378CE00273354 /* RealmRemove.swift */,
				34A2463E1FD379BC00273354 /* RealmQuery.swift */,
			);
			path = "Data Service";
			sourceTree = "<group>";
		};
		5AFE2433DC4EBF0DBF3482C1 /* Pods */ = {
			isa = PBXGroup;
			children = (
				B52A2C8E4C5ACD8E98EF83A1 /* Pods-RealmDemo.debug.xcconfig */,
				2FB8A17F44E4E0260E4B0AD7 /* Pods-RealmDemo.release.xcconfig */,
				C6937929F4688A42D865DC1B /* Pods-RealmDemoTests.debug.xcconfig */,
				4DA43697B9B268FA3976C6AE /* Pods-RealmDemoTests.release.xcconfig */,
			);
			name = Pods;
			sourceTree = "<group>";
		};
		B179D93B772235DB90F5F97D /* Frameworks */ = {
			isa = PBXGroup;
			children = (
				15F5A1188118DAF188522960 /* Pods_RealmDemo.framework */,
				A8C0AFADF8CB75BF506D2432 /* Pods_RealmDemoTests.framework */,
			);
			name = Frameworks;
			sourceTree = "<group>";
		};
/* End PBXGroup section */

/* Begin PBXNativeTarget section */
		34A246071FD23CDE00273354 /* RealmDemo */ = {
			isa = PBXNativeTarget;
			buildConfigurationList = 34A246251FD23CDE00273354 /* Build configuration list for PBXNativeTarget "RealmDemo" */;
			buildPhases = (
				64CFD644F180F5DDF975CF26 /* [CP] Check Pods Manifest.lock */,
				34A246041FD23CDE00273354 /* Sources */,
				34A246051FD23CDE00273354 /* Frameworks */,
				34A246061FD23CDE00273354 /* Resources */,
				38A7B0A4E5D81D17FCB16616 /* [CP] Embed Pods Frameworks */,
				ADFE2D0E651A80BE8BE6BB7E /* [CP] Copy Pods Resources */,
			);
			buildRules = (
			);
			dependencies = (
			);
			name = RealmDemo;
			productName = RealmDemo;
			productReference = 34A246081FD23CDE00273354 /* RealmDemo.app */;
			productType = "com.apple.product-type.application";
		};
		34A2461B1FD23CDE00273354 /* RealmDemoTests */ = {
			isa = PBXNativeTarget;
			buildConfigurationList = 34A246281FD23CDE00273354 /* Build configuration list for PBXNativeTarget "RealmDemoTests" */;
			buildPhases = (
				535E08D3FC980E6F38DE1033 /* [CP] Check Pods Manifest.lock */,
				34A246181FD23CDE00273354 /* Sources */,
				34A246191FD23CDE00273354 /* Frameworks */,
				34A2461A1FD23CDE00273354 /* Resources */,
				F84B2678A439EF618AE2E49D /* [CP] Embed Pods Frameworks */,
				599738E75A0D58B7DA36620E /* [CP] Copy Pods Resources */,
			);
			buildRules = (
			);
			dependencies = (
				34A2461E1FD23CDE00273354 /* PBXTargetDependency */,
			);
			name = RealmDemoTests;
			productName = RealmDemoTests;
			productReference = 34A2461C1FD23CDE00273354 /* RealmDemoTests.xctest */;
			productType = "com.apple.product-type.bundle.unit-test";
		};
/* End PBXNativeTarget section */

/* Begin PBXProject section */
		34A246001FD23CDE00273354 /* Project object */ = {
			isa = PBXProject;
			attributes = {
				LastSwiftUpdateCheck = 0910;
				LastUpgradeCheck = 0910;
				ORGANIZATIONNAME = "Max Rogers";
				TargetAttributes = {
					34A246071FD23CDE00273354 = {
						CreatedOnToolsVersion = 9.1;
						ProvisioningStyle = Automatic;
					};
					34A2461B1FD23CDE00273354 = {
						CreatedOnToolsVersion = 9.1;
						ProvisioningStyle = Automatic;
						TestTargetID = 34A246071FD23CDE00273354;
					};
				};
			};
			buildConfigurationList = 34A246031FD23CDE00273354 /* Build configuration list for PBXProject "RealmDemo" */;
			compatibilityVersion = "Xcode 8.0";
			developmentRegion = en;
			hasScannedForEncodings = 0;
			knownRegions = (
				en,
				Base,
			);
			mainGroup = 34A245FF1FD23CDE00273354;
			productRefGroup = 34A246091FD23CDE00273354 /* Products */;
			projectDirPath = "";
			projectRoot = "";
			targets = (
				34A246071FD23CDE00273354 /* RealmDemo */,
				34A2461B1FD23CDE00273354 /* RealmDemoTests */,
			);
		};
/* End PBXProject section */

/* Begin PBXResourcesBuildPhase section */
		34A246061FD23CDE00273354 /* Resources */ = {
			isa = PBXResourcesBuildPhase;
			buildActionMask = 2147483647;
			files = (
				34A246161FD23CDE00273354 /* LaunchScreen.storyboard in Resources */,
				34A246131FD23CDE00273354 /* Assets.xcassets in Resources */,
				34A246111FD23CDE00273354 /* Main.storyboard in Resources */,
			);
			runOnlyForDeploymentPostprocessing = 0;
		};
		34A2461A1FD23CDE00273354 /* Resources */ = {
			isa = PBXResourcesBuildPhase;
			buildActionMask = 2147483647;
			files = (
			);
			runOnlyForDeploymentPostprocessing = 0;
		};
/* End PBXResourcesBuildPhase section */

/* Begin PBXShellScriptBuildPhase section */
		38A7B0A4E5D81D17FCB16616 /* [CP] Embed Pods Frameworks */ = {
			isa = PBXShellScriptBuildPhase;
			buildActionMask = 2147483647;
			files = (
			);
			inputPaths = (
			);
			name = "[CP] Embed Pods Frameworks";
			outputPaths = (
			);
			runOnlyForDeploymentPostprocessing = 0;
			shellPath = /bin/sh;
			shellScript = "\"${SRCROOT}/Pods/Target Support Files/Pods-RealmDemo/Pods-RealmDemo-frameworks.sh\"\n";
			showEnvVarsInLog = 0;
		};
		535E08D3FC980E6F38DE1033 /* [CP] Check Pods Manifest.lock */ = {
			isa = PBXShellScriptBuildPhase;
			buildActionMask = 2147483647;
			files = (
			);
			inputPaths = (
			);
			name = "[CP] Check Pods Manifest.lock";
			outputPaths = (
			);
			runOnlyForDeploymentPostprocessing = 0;
			shellPath = /bin/sh;
			shellScript = "diff \"${PODS_PODFILE_DIR_PATH}/Podfile.lock\" \"${PODS_ROOT}/Manifest.lock\" > /dev/null\nif [ $? != 0 ] ; then\n    # print error to STDERR\n    echo \"error: The sandbox is not in sync with the Podfile.lock. Run 'pod install' or update your CocoaPods installation.\" >&2\n    exit 1\nfi\n";
			showEnvVarsInLog = 0;
		};
		599738E75A0D58B7DA36620E /* [CP] Copy Pods Resources */ = {
			isa = PBXShellScriptBuildPhase;
			buildActionMask = 2147483647;
			files = (
			);
			inputPaths = (
			);
			name = "[CP] Copy Pods Resources";
			outputPaths = (
			);
			runOnlyForDeploymentPostprocessing = 0;
			shellPath = /bin/sh;
			shellScript = "\"${SRCROOT}/Pods/Target Support Files/Pods-RealmDemoTests/Pods-RealmDemoTests-resources.sh\"\n";
			showEnvVarsInLog = 0;
		};
		64CFD644F180F5DDF975CF26 /* [CP] Check Pods Manifest.lock */ = {
			isa = PBXShellScriptBuildPhase;
			buildActionMask = 2147483647;
			files = (
			);
			inputPaths = (
			);
			name = "[CP] Check Pods Manifest.lock";
			outputPaths = (
			);
			runOnlyForDeploymentPostprocessing = 0;
			shellPath = /bin/sh;
			shellScript = "diff \"${PODS_PODFILE_DIR_PATH}/Podfile.lock\" \"${PODS_ROOT}/Manifest.lock\" > /dev/null\nif [ $? != 0 ] ; then\n    # print error to STDERR\n    echo \"error: The sandbox is not in sync with the Podfile.lock. Run 'pod install' or update your CocoaPods installation.\" >&2\n    exit 1\nfi\n";
			showEnvVarsInLog = 0;
		};
		ADFE2D0E651A80BE8BE6BB7E /* [CP] Copy Pods Resources */ = {
			isa = PBXShellScriptBuildPhase;
			buildActionMask = 2147483647;
			files = (
			);
			inputPaths = (
			);
			name = "[CP] Copy Pods Resources";
			outputPaths = (
			);
			runOnlyForDeploymentPostprocessing = 0;
			shellPath = /bin/sh;
			shellScript = "\"${SRCROOT}/Pods/Target Support Files/Pods-RealmDemo/Pods-RealmDemo-resources.sh\"\n";
			showEnvVarsInLog = 0;
		};
		F84B2678A439EF618AE2E49D /* [CP] Embed Pods Frameworks */ = {
			isa = PBXShellScriptBuildPhase;
			buildActionMask = 2147483647;
			files = (
			);
			inputPaths = (
			);
			name = "[CP] Embed Pods Frameworks";
			outputPaths = (
			);
			runOnlyForDeploymentPostprocessing = 0;
			shellPath = /bin/sh;
			shellScript = "\"${SRCROOT}/Pods/Target Support Files/Pods-RealmDemoTests/Pods-RealmDemoTests-frameworks.sh\"\n";
			showEnvVarsInLog = 0;
		};
/* End PBXShellScriptBuildPhase section */

/* Begin PBXSourcesBuildPhase section */
		34A246041FD23CDE00273354 /* Sources */ = {
			isa = PBXSourcesBuildPhase;
			buildActionMask = 2147483647;
			files = (
				34A246341FD2FC7700273354 /* Item.swift in Sources */,
				34A2463D1FD378CE00273354 /* RealmRemove.swift in Sources */,
				34A2463F1FD379BC00273354 /* RealmQuery.swift in Sources */,
				34A246381FD301B000273354 /* ItemListViewController.swift in Sources */,
				34A246431FD3946800273354 /* RealmProvider.swift in Sources */,
				34A246301FD2FB8F00273354 /* ConfigurableCell.swift in Sources */,
				34A246411FD37C6100273354 /* ItemDetailViewController.swift in Sources */,
				34A2463B1FD3786500273354 /* RealmWrite.swift in Sources */,
				34A246321FD2FC6200273354 /* ItemTableViewCell.swift in Sources */,
				342739421FD987E300FB1AE0 /* Migration.swift in Sources */,
				34A2460C1FD23CDE00273354 /* AppDelegate.swift in Sources */,
			);
			runOnlyForDeploymentPostprocessing = 0;
		};
		34A246181FD23CDE00273354 /* Sources */ = {
			isa = PBXSourcesBuildPhase;
			buildActionMask = 2147483647;
			files = (
				34A246211FD23CDE00273354 /* RealmDemoTests.swift in Sources */,
			);
			runOnlyForDeploymentPostprocessing = 0;
		};
/* End PBXSourcesBuildPhase section */

/* Begin PBXTargetDependency section */
		34A2461E1FD23CDE00273354 /* PBXTargetDependency */ = {
			isa = PBXTargetDependency;
			target = 34A246071FD23CDE00273354 /* RealmDemo */;
			targetProxy = 34A2461D1FD23CDE00273354 /* PBXContainerItemProxy */;
		};
/* End PBXTargetDependency section */

/* Begin PBXVariantGroup section */
		34A2460F1FD23CDE00273354 /* Main.storyboard */ = {
			isa = PBXVariantGroup;
			children = (
				34A246101FD23CDE00273354 /* Base */,
			);
			name = Main.storyboard;
			sourceTree = "<group>";
		};
		34A246141FD23CDE00273354 /* LaunchScreen.storyboard */ = {
			isa = PBXVariantGroup;
			children = (
				34A246151FD23CDE00273354 /* Base */,
			);
			name = LaunchScreen.storyboard;
			sourceTree = "<group>";
		};
/* End PBXVariantGroup section */

/* Begin XCBuildConfiguration section */
		34A246231FD23CDE00273354 /* Debug */ = {
			isa = XCBuildConfiguration;
			buildSettings = {
				ALWAYS_SEARCH_USER_PATHS = NO;
				CLANG_ANALYZER_NONNULL = YES;
				CLANG_ANALYZER_NUMBER_OBJECT_CONVERSION = YES_AGGRESSIVE;
				CLANG_CXX_LANGUAGE_STANDARD = "gnu++14";
				CLANG_CXX_LIBRARY = "libc++";
				CLANG_ENABLE_MODULES = YES;
				CLANG_ENABLE_OBJC_ARC = YES;
				CLANG_WARN_BLOCK_CAPTURE_AUTORELEASING = YES;
				CLANG_WARN_BOOL_CONVERSION = YES;
				CLANG_WARN_COMMA = YES;
				CLANG_WARN_CONSTANT_CONVERSION = YES;
				CLANG_WARN_DIRECT_OBJC_ISA_USAGE = YES_ERROR;
				CLANG_WARN_DOCUMENTATION_COMMENTS = YES;
				CLANG_WARN_EMPTY_BODY = YES;
				CLANG_WARN_ENUM_CONVERSION = YES;
				CLANG_WARN_INFINITE_RECURSION = YES;
				CLANG_WARN_INT_CONVERSION = YES;
				CLANG_WARN_NON_LITERAL_NULL_CONVERSION = YES;
				CLANG_WARN_OBJC_LITERAL_CONVERSION = YES;
				CLANG_WARN_OBJC_ROOT_CLASS = YES_ERROR;
				CLANG_WARN_RANGE_LOOP_ANALYSIS = YES;
				CLANG_WARN_STRICT_PROTOTYPES = YES;
				CLANG_WARN_SUSPICIOUS_MOVE = YES;
				CLANG_WARN_UNGUARDED_AVAILABILITY = YES_AGGRESSIVE;
				CLANG_WARN_UNREACHABLE_CODE = YES;
				CLANG_WARN__DUPLICATE_METHOD_MATCH = YES;
				CODE_SIGN_IDENTITY = "iPhone Developer";
				COPY_PHASE_STRIP = NO;
				DEBUG_INFORMATION_FORMAT = dwarf;
				ENABLE_STRICT_OBJC_MSGSEND = YES;
				ENABLE_TESTABILITY = YES;
				GCC_C_LANGUAGE_STANDARD = gnu11;
				GCC_DYNAMIC_NO_PIC = NO;
				GCC_NO_COMMON_BLOCKS = YES;
				GCC_OPTIMIZATION_LEVEL = 0;
				GCC_PREPROCESSOR_DEFINITIONS = (
					"DEBUG=1",
					"$(inherited)",
				);
				GCC_WARN_64_TO_32_BIT_CONVERSION = YES;
				GCC_WARN_ABOUT_RETURN_TYPE = YES_ERROR;
				GCC_WARN_UNDECLARED_SELECTOR = YES;
				GCC_WARN_UNINITIALIZED_AUTOS = YES_AGGRESSIVE;
				GCC_WARN_UNUSED_FUNCTION = YES;
				GCC_WARN_UNUSED_VARIABLE = YES;
				IPHONEOS_DEPLOYMENT_TARGET = 11.1;
				MTL_ENABLE_DEBUG_INFO = YES;
				ONLY_ACTIVE_ARCH = YES;
				SDKROOT = iphoneos;
				SWIFT_ACTIVE_COMPILATION_CONDITIONS = DEBUG;
				SWIFT_OPTIMIZATION_LEVEL = "-Onone";
			};
			name = Debug;
		};
		34A246241FD23CDE00273354 /* Release */ = {
			isa = XCBuildConfiguration;
			buildSettings = {
				ALWAYS_SEARCH_USER_PATHS = NO;
				CLANG_ANALYZER_NONNULL = YES;
				CLANG_ANALYZER_NUMBER_OBJECT_CONVERSION = YES_AGGRESSIVE;
				CLANG_CXX_LANGUAGE_STANDARD = "gnu++14";
				CLANG_CXX_LIBRARY = "libc++";
				CLANG_ENABLE_MODULES = YES;
				CLANG_ENABLE_OBJC_ARC = YES;
				CLANG_WARN_BLOCK_CAPTURE_AUTORELEASING = YES;
				CLANG_WARN_BOOL_CONVERSION = YES;
				CLANG_WARN_COMMA = YES;
				CLANG_WARN_CONSTANT_CONVERSION = YES;
				CLANG_WARN_DIRECT_OBJC_ISA_USAGE = YES_ERROR;
				CLANG_WARN_DOCUMENTATION_COMMENTS = YES;
				CLANG_WARN_EMPTY_BODY = YES;
				CLANG_WARN_ENUM_CONVERSION = YES;
				CLANG_WARN_INFINITE_RECURSION = YES;
				CLANG_WARN_INT_CONVERSION = YES;
				CLANG_WARN_NON_LITERAL_NULL_CONVERSION = YES;
				CLANG_WARN_OBJC_LITERAL_CONVERSION = YES;
				CLANG_WARN_OBJC_ROOT_CLASS = YES_ERROR;
				CLANG_WARN_RANGE_LOOP_ANALYSIS = YES;
				CLANG_WARN_STRICT_PROTOTYPES = YES;
				CLANG_WARN_SUSPICIOUS_MOVE = YES;
				CLANG_WARN_UNGUARDED_AVAILABILITY = YES_AGGRESSIVE;
				CLANG_WARN_UNREACHABLE_CODE = YES;
				CLANG_WARN__DUPLICATE_METHOD_MATCH = YES;
				CODE_SIGN_IDENTITY = "iPhone Developer";
				COPY_PHASE_STRIP = NO;
				DEBUG_INFORMATION_FORMAT = "dwarf-with-dsym";
				ENABLE_NS_ASSERTIONS = NO;
				ENABLE_STRICT_OBJC_MSGSEND = YES;
				GCC_C_LANGUAGE_STANDARD = gnu11;
				GCC_NO_COMMON_BLOCKS = YES;
				GCC_WARN_64_TO_32_BIT_CONVERSION = YES;
				GCC_WARN_ABOUT_RETURN_TYPE = YES_ERROR;
				GCC_WARN_UNDECLARED_SELECTOR = YES;
				GCC_WARN_UNINITIALIZED_AUTOS = YES_AGGRESSIVE;
				GCC_WARN_UNUSED_FUNCTION = YES;
				GCC_WARN_UNUSED_VARIABLE = YES;
				IPHONEOS_DEPLOYMENT_TARGET = 11.1;
				MTL_ENABLE_DEBUG_INFO = NO;
				SDKROOT = iphoneos;
				SWIFT_OPTIMIZATION_LEVEL = "-Owholemodule";
				VALIDATE_PRODUCT = YES;
			};
			name = Release;
		};
		34A246261FD23CDE00273354 /* Debug */ = {
			isa = XCBuildConfiguration;
			baseConfigurationReference = B52A2C8E4C5ACD8E98EF83A1 /* Pods-RealmDemo.debug.xcconfig */;
			buildSettings = {
				ASSETCATALOG_COMPILER_APPICON_NAME = AppIcon;
				CODE_SIGN_STYLE = Automatic;
				DEVELOPMENT_TEAM = 9AS2TD23UD;
				INFOPLIST_FILE = "$(SRCROOT)/RealmDemo/SupportingFiles/Info.plist";
				IPHONEOS_DEPLOYMENT_TARGET = 10.0;
				LD_RUNPATH_SEARCH_PATHS = "$(inherited) @executable_path/Frameworks";
				PRODUCT_BUNDLE_IDENTIFIER = me.maxrogers.RealmDemo;
				PRODUCT_NAME = "$(TARGET_NAME)";
				SWIFT_VERSION = 4.0;
				TARGETED_DEVICE_FAMILY = 1;
			};
			name = Debug;
		};
		34A246271FD23CDE00273354 /* Release */ = {
			isa = XCBuildConfiguration;
			baseConfigurationReference = 2FB8A17F44E4E0260E4B0AD7 /* Pods-RealmDemo.release.xcconfig */;
			buildSettings = {
				ASSETCATALOG_COMPILER_APPICON_NAME = AppIcon;
				CODE_SIGN_STYLE = Automatic;
				DEVELOPMENT_TEAM = 9AS2TD23UD;
				INFOPLIST_FILE = "$(SRCROOT)/RealmDemo/SupportingFiles/Info.plist";
				IPHONEOS_DEPLOYMENT_TARGET = 10.0;
				LD_RUNPATH_SEARCH_PATHS = "$(inherited) @executable_path/Frameworks";
				PRODUCT_BUNDLE_IDENTIFIER = me.maxrogers.RealmDemo;
				PRODUCT_NAME = "$(TARGET_NAME)";
				SWIFT_VERSION = 4.0;
				TARGETED_DEVICE_FAMILY = 1;
			};
			name = Release;
		};
		34A246291FD23CDE00273354 /* Debug */ = {
			isa = XCBuildConfiguration;
			baseConfigurationReference = C6937929F4688A42D865DC1B /* Pods-RealmDemoTests.debug.xcconfig */;
			buildSettings = {
				ALWAYS_EMBED_SWIFT_STANDARD_LIBRARIES = YES;
				BUNDLE_LOADER = "$(TEST_HOST)";
				CODE_SIGN_STYLE = Automatic;
				DEVELOPMENT_TEAM = 9AS2TD23UD;
				INFOPLIST_FILE = RealmDemoTests/Info.plist;
				LD_RUNPATH_SEARCH_PATHS = "$(inherited) @executable_path/Frameworks @loader_path/Frameworks";
				PRODUCT_BUNDLE_IDENTIFIER = me.maxrogers.RealmDemoTests;
				PRODUCT_NAME = "$(TARGET_NAME)";
				SWIFT_VERSION = 4.0;
				TARGETED_DEVICE_FAMILY = "1,2";
				TEST_HOST = "$(BUILT_PRODUCTS_DIR)/RealmDemo.app/RealmDemo";
			};
			name = Debug;
		};
		34A2462A1FD23CDE00273354 /* Release */ = {
			isa = XCBuildConfiguration;
			baseConfigurationReference = 4DA43697B9B268FA3976C6AE /* Pods-RealmDemoTests.release.xcconfig */;
			buildSettings = {
				ALWAYS_EMBED_SWIFT_STANDARD_LIBRARIES = YES;
				BUNDLE_LOADER = "$(TEST_HOST)";
				CODE_SIGN_STYLE = Automatic;
				DEVELOPMENT_TEAM = 9AS2TD23UD;
				INFOPLIST_FILE = RealmDemoTests/Info.plist;
				LD_RUNPATH_SEARCH_PATHS = "$(inherited) @executable_path/Frameworks @loader_path/Frameworks";
				PRODUCT_BUNDLE_IDENTIFIER = me.maxrogers.RealmDemoTests;
				PRODUCT_NAME = "$(TARGET_NAME)";
				SWIFT_VERSION = 4.0;
				TARGETED_DEVICE_FAMILY = "1,2";
				TEST_HOST = "$(BUILT_PRODUCTS_DIR)/RealmDemo.app/RealmDemo";
			};
			name = Release;
		};
/* End XCBuildConfiguration section */

/* Begin XCConfigurationList section */
		34A246031FD23CDE00273354 /* Build configuration list for PBXProject "RealmDemo" */ = {
			isa = XCConfigurationList;
			buildConfigurations = (
				34A246231FD23CDE00273354 /* Debug */,
				34A246241FD23CDE00273354 /* Release */,
			);
			defaultConfigurationIsVisible = 0;
			defaultConfigurationName = Release;
		};
		34A246251FD23CDE00273354 /* Build configuration list for PBXNativeTarget "RealmDemo" */ = {
			isa = XCConfigurationList;
			buildConfigurations = (
				34A246261FD23CDE00273354 /* Debug */,
				34A246271FD23CDE00273354 /* Release */,
			);
			defaultConfigurationIsVisible = 0;
			defaultConfigurationName = Release;
		};
		34A246281FD23CDE00273354 /* Build configuration list for PBXNativeTarget "RealmDemoTests" */ = {
			isa = XCConfigurationList;
			buildConfigurations = (
				34A246291FD23CDE00273354 /* Debug */,
				34A2462A1FD23CDE00273354 /* Release */,
			);
			defaultConfigurationIsVisible = 0;
			defaultConfigurationName = Release;
		};
/* End XCConfigurationList section */
	};
	rootObject = 34A246001FD23CDE00273354 /* Project object */;
}
